
Microsoft Visual Studio Solution File, Format Version 12.00
# Visual Studio Version 16
VisualStudioVersion = 16.0.30225.117
MinimumVisualStudioVersion = 10.0.40219.1
Project("{FAE04EC0-301F-11D3-BF4B-00C04F79EFBC}") = "Prework Code Challenges", "Prework Code Challenges\Prework Code Challenges.csproj", "{17BB52CD-A5E9-4517-9992-E16EF49D20CE}"
EndProject
Global
	GlobalSection(SolutionConfigurationPlatforms) = preSolution
		Debug|Any CPU = Debug|Any CPU
		Release|Any CPU = Release|Any CPU
	EndGlobalSection
	GlobalSection(ProjectConfigurationPlatforms) = postSolution
		{17BB52CD-A5E9-4517-9992-E16EF49D20CE}.Debug|Any CPU.ActiveCfg = Debug|Any CPU
		{17BB52CD-A5E9-4517-9992-E16EF49D20CE}.Debug|Any CPU.Build.0 = Debug|Any CPU
		{17BB52CD-A5E9-4517-9992-E16EF49D20CE}.Release|Any CPU.ActiveCfg = Release|Any CPU
		{17BB52CD-A5E9-4517-9992-E16EF49D20CE}.Release|Any CPU.Build.0 = Release|Any CPU
	EndGlobalSection
	GlobalSection(SolutionProperties) = preSolution
		HideSolutionNode = FALSE
	EndGlobalSection
	GlobalSection(ExtensibilityGlobals) = postSolution
		SolutionGuid = {487F0530-2EE0-4852-8762-DE14516E194F}
	EndGlobalSection
EndGlobal
